// !$*UTF8*$!
{
	archiveVersion = 1;
	classes = {
	};
	objectVersion = 77;
	objects = {

/* Begin PBXContainerItemProxy section */
		928B1F9A2E0150FD008E27BA /* PBXContainerItemProxy */ = {
			isa = PBXContainerItemProxy;
			containerPortal = 928B1F812E0150F7008E27BA /* Project object */;
			proxyType = 1;
			remoteGlobalIDString = 928B1F882E0150F7008E27BA;
			remoteInfo = SakeSpot;
		};
		928B1FA42E0150FD008E27BA /* PBXContainerItemProxy */ = {
			isa = PBXContainerItemProxy;
			containerPortal = 928B1F812E0150F7008E27BA /* Project object */;
			proxyType = 1;
			remoteGlobalIDString = 928B1F882E0150F7008E27BA;
			remoteInfo = SakeSpot;
		};
/* End PBXContainerItemProxy section */

/* Begin PBXFileReference section */
		928B1F892E0150F7008E27BA /* SakeSpot.app */ = {isa = PBXFileReference; explicitFileType = wrapper.application; includeInIndex = 0; path = SakeSpot.app; sourceTree = BUILT_PRODUCTS_DIR; };
		928B1F992E0150FD008E27BA /* SakeSpotTests.xctest */ = {isa = PBXFileReference; explicitFileType = wrapper.cfbundle; includeInIndex = 0; path = SakeSpotTests.xctest; sourceTree = BUILT_PRODUCTS_DIR; };
		928B1FA32E0150FD008E27BA /* SakeSpotUITests.xctest */ = {isa = PBXFileReference; explicitFileType = wrapper.cfbundle; includeInIndex = 0; path = SakeSpotUITests.xctest; sourceTree = BUILT_PRODUCTS_DIR; };
/* End PBXFileReference section */

/* Begin PBXFileSystemSynchronizedBuildFileExceptionSet section */
		928B1FE42E01666B008E27BA /* Exceptions for "SakeSpot" folder in "SakeSpot" target */ = {
			isa = PBXFileSystemSynchronizedBuildFileExceptionSet;
			membershipExceptions = (
				Info.plist,
			);
			target = 928B1F882E0150F7008E27BA /* SakeSpot */;
		};
/* End PBXFileSystemSynchronizedBuildFileExceptionSet section */

/* Begin PBXFileSystemSynchronizedRootGroup section */
		928B1F8B2E0150F7008E27BA /* SakeSpot */ = {
			isa = PBXFileSystemSynchronizedRootGroup;
			exceptions = (
				928B1FE42E01666B008E27BA /* Exceptions for "SakeSpot" folder in "SakeSpot" target */,
			);
			path = SakeSpot;
			sourceTree = "<group>";
		};
		928B1F9C2E0150FD008E27BA /* SakeSpotTests */ = {
			isa = PBXFileSystemSynchronizedRootGroup;
			path = SakeSpotTests;
			sourceTree = "<group>";
		};
		928B1FA62E0150FD008E27BA /* SakeSpotUITests */ = {
			isa = PBXFileSystemSynchronizedRootGroup;
			path = SakeSpotUITests;
			sourceTree = "<group>";
		};
/* End PBXFileSystemSynchronizedRootGroup section */

/* Begin PBXFrameworksBuildPhase section */
		928B1F862E0150F7008E27BA /* Frameworks */ = {
			isa = PBXFrameworksBuildPhase;
			buildActionMask = 2147483647;
			files = (
			);
			runOnlyForDeploymentPostprocessing = 0;
		};
		928B1F962E0150FD008E27BA /* Frameworks */ = {
			isa = PBXFrameworksBuildPhase;
			buildActionMask = 2147483647;
			files = (
			);
			runOnlyForDeploymentPostprocessing = 0;
		};
		928B1FA02E0150FD008E27BA /* Frameworks */ = {
			isa = PBXFrameworksBuildPhase;
			buildActionMask = 2147483647;
			files = (
			);
			runOnlyForDeploymentPostprocessing = 0;
		};
/* End PBXFrameworksBuildPhase section */

/* Begin PBXGroup section */
		928B1F802E0150F7008E27BA = {
			isa = PBXGroup;
			children = (
				928B1F8B2E0150F7008E27BA /* SakeSpot */,
				928B1F9C2E0150FD008E27BA /* SakeSpotTests */,
				928B1FA62E0150FD008E27BA /* SakeSpotUITests */,
				928B1F8A2E0150F7008E27BA /* Products */,
			);
			sourceTree = "<group>";
		};
		928B1F8A2E0150F7008E27BA /* Products */ = {
			isa = PBXGroup;
			children = (
				928B1F892E0150F7008E27BA /* SakeSpot.app */,
				928B1F992E0150FD008E27BA /* SakeSpotTests.xctest */,
				928B1FA32E0150FD008E27BA /* SakeSpotUITests.xctest */,
			);
			name = Products;
			sourceTree = "<group>";
		};
/* End PBXGroup section */

/* Begin PBXNativeTarget section */
		928B1F882E0150F7008E27BA /* SakeSpot */ = {
			isa = PBXNativeTarget;
			buildConfigurationList = 928B1FAD2E0150FD008E27BA /* Build configuration list for PBXNativeTarget "SakeSpot" */;
			buildPhases = (
				928B1F852E0150F7008E27BA /* Sources */,
				928B1F862E0150F7008E27BA /* Frameworks */,
				928B1F872E0150F7008E27BA /* Resources */,
			);
			buildRules = (
			);
			dependencies = (
			);
			fileSystemSynchronizedGroups = (
				928B1F8B2E0150F7008E27BA /* SakeSpot */,
			);
			name = SakeSpot;
			packageProductDependencies = (
			);
			productName = SakeSpot;
			productReference = 928B1F892E0150F7008E27BA /* SakeSpot.app */;
			productType = "com.apple.product-type.application";
		};
		928B1F982E0150FD008E27BA /* SakeSpotTests */ = {
			isa = PBXNativeTarget;
			buildConfigurationList = 928B1FB02E0150FD008E27BA /* Build configuration list for PBXNativeTarget "SakeSpotTests" */;
			buildPhases = (
				928B1F952E0150FD008E27BA /* Sources */,
				928B1F962E0150FD008E27BA /* Frameworks */,
				928B1F972E0150FD008E27BA /* Resources */,
			);
			buildRules = (
			);
			dependencies = (
				928B1F9B2E0150FD008E27BA /* PBXTargetDependency */,
			);
			fileSystemSynchronizedGroups = (
				928B1F9C2E0150FD008E27BA /* SakeSpotTests */,
			);
			name = SakeSpotTests;
			packageProductDependencies = (
			);
			productName = SakeSpotTests;
			productReference = 928B1F992E0150FD008E27BA /* SakeSpotTests.xctest */;
			productType = "com.apple.product-type.bundle.unit-test";
		};
		928B1FA22E0150FD008E27BA /* SakeSpotUITests */ = {
			isa = PBXNativeTarget;
			buildConfigurationList = 928B1FB32E0150FD008E27BA /* Build configuration list for PBXNativeTarget "SakeSpotUITests" */;
			buildPhases = (
				928B1F9F2E0150FD008E27BA /* Sources */,
				928B1FA02E0150FD008E27BA /* Frameworks */,
				928B1FA12E0150FD008E27BA /* Resources */,
			);
			buildRules = (
			);
			dependencies = (
				928B1FA52E0150FD008E27BA /* PBXTargetDependency */,
			);
			fileSystemSynchronizedGroups = (
				928B1FA62E0150FD008E27BA /* SakeSpotUITests */,
			);
			name = SakeSpotUITests;
			packageProductDependencies = (
			);
			productName = SakeSpotUITests;
			productReference = 928B1FA32E0150FD008E27BA /* SakeSpotUITests.xctest */;
			productType = "com.apple.product-type.bundle.ui-testing";
		};
/* End PBXNativeTarget section */

/* Begin PBXProject section */
		928B1F812E0150F7008E27BA /* Project object */ = {
			isa = PBXProject;
			attributes = {
				BuildIndependentTargetsInParallel = 1;
				LastSwiftUpdateCheck = 1620;
				LastUpgradeCheck = 1620;
				TargetAttributes = {
					928B1F882E0150F7008E27BA = {
						CreatedOnToolsVersion = 16.2;
					};
					928B1F982E0150FD008E27BA = {
						CreatedOnToolsVersion = 16.2;
						TestTargetID = 928B1F882E0150F7008E27BA;
					};
					928B1FA22E0150FD008E27BA = {
						CreatedOnToolsVersion = 16.2;
						TestTargetID = 928B1F882E0150F7008E27BA;
					};
				};
			};
			buildConfigurationList = 928B1F842E0150F7008E27BA /* Build configuration list for PBXProject "SakeSpot" */;
			developmentRegion = en;
			hasScannedForEncodings = 0;
			knownRegions = (
				en,
				Base,
			);
			mainGroup = 928B1F802E0150F7008E27BA;
			minimizedProjectReferenceProxies = 1;
			preferredProjectObjectVersion = 77;
			productRefGroup = 928B1F8A2E0150F7008E27BA /* Products */;
			projectDirPath = "";
			projectRoot = "";
			targets = (
				928B1F882E0150F7008E27BA /* SakeSpot */,
				928B1F982E0150FD008E27BA /* SakeSpotTests */,
				928B1FA22E0150FD008E27BA /* SakeSpotUITests */,
			);
		};
/* End PBXProject section */

/* Begin PBXResourcesBuildPhase section */
		928B1F872E0150F7008E27BA /* Resources */ = {
			isa = PBXResourcesBuildPhase;
			buildActionMask = 2147483647;
			files = (
			);
			runOnlyForDeploymentPostprocessing = 0;
		};
		928B1F972E0150FD008E27BA /* Resources */ = {
			isa = PBXResourcesBuildPhase;
			buildActionMask = 2147483647;
			files = (
			);
			runOnlyForDeploymentPostprocessing = 0;
		};
		928B1FA12E0150FD008E27BA /* Resources */ = {
			isa = PBXResourcesBuildPhase;
			buildActionMask = 2147483647;
			files = (
			);
			runOnlyForDeploymentPostprocessing = 0;
		};
/* End PBXResourcesBuildPhase section */

/* Begin PBXSourcesBuildPhase section */
		928B1F852E0150F7008E27BA /* Sources */ = {
			isa = PBXSourcesBuildPhase;
			buildActionMask = 2147483647;
			files = (
			);
			runOnlyForDeploymentPostprocessing = 0;
		};
		928B1F952E0150FD008E27BA /* Sources */ = {
			isa = PBXSourcesBuildPhase;
			buildActionMask = 2147483647;
			files = (
			);
			runOnlyForDeploymentPostprocessing = 0;
		};
		928B1F9F2E0150FD008E27BA /* Sources */ = {
			isa = PBXSourcesBuildPhase;
			buildActionMask = 2147483647;
			files = (
			);
			runOnlyForDeploymentPostprocessing = 0;
		};
/* End PBXSourcesBuildPhase section */

/* Begin PBXTargetDependency section */
		928B1F9B2E0150FD008E27BA /* PBXTargetDependency */ = {
			isa = PBXTargetDependency;
			target = 928B1F882E0150F7008E27BA /* SakeSpot */;
			targetProxy = 928B1F9A2E0150FD008E27BA /* PBXContainerItemProxy */;
		};
		928B1FA52E0150FD008E27BA /* PBXTargetDependency */ = {
			isa = PBXTargetDependency;
			target = 928B1F882E0150F7008E27BA /* SakeSpot */;
			targetProxy = 928B1FA42E0150FD008E27BA /* PBXContainerItemProxy */;
		};
/* End PBXTargetDependency section */

/* Begin XCBuildConfiguration section */
		928B1FAB2E0150FD008E27BA /* Debug */ = {
			isa = XCBuildConfiguration;
			buildSettings = {
				ALWAYS_SEARCH_USER_PATHS = NO;
				ASSETCATALOG_COMPILER_GENERATE_SWIFT_ASSET_SYMBOL_EXTENSIONS = YES;
				CLANG_ANALYZER_NONNULL = YES;
				CLANG_ANALYZER_NUMBER_OBJECT_CONVERSION = YES_AGGRESSIVE;
				CLANG_CXX_LANGUAGE_STANDARD = "gnu++20";
				CLANG_ENABLE_MODULES = YES;
				CLANG_ENABLE_OBJC_ARC = YES;
				CLANG_ENABLE_OBJC_WEAK = YES;
				CLANG_WARN_BLOCK_CAPTURE_AUTORELEASING = YES;
				CLANG_WARN_BOOL_CONVERSION = YES;
				CLANG_WARN_COMMA = YES;
				CLANG_WARN_CONSTANT_CONVERSION = YES;
				CLANG_WARN_DEPRECATED_OBJC_IMPLEMENTATIONS = YES;
				CLANG_WARN_DIRECT_OBJC_ISA_USAGE = YES_ERROR;
				CLANG_WARN_DOCUMENTATION_COMMENTS = YES;
				CLANG_WARN_EMPTY_BODY = YES;
				CLANG_WARN_ENUM_CONVERSION = YES;
				CLANG_WARN_INFINITE_RECURSION = YES;
				CLANG_WARN_INT_CONVERSION = YES;
				CLANG_WARN_NON_LITERAL_NULL_CONVERSION = YES;
				CLANG_WARN_OBJC_IMPLICIT_RETAIN_SELF = YES;
				CLANG_WARN_OBJC_LITERAL_CONVERSION = YES;
				CLANG_WARN_OBJC_ROOT_CLASS = YES_ERROR;
				CLANG_WARN_QUOTED_INCLUDE_IN_FRAMEWORK_HEADER = YES;
				CLANG_WARN_RANGE_LOOP_ANALYSIS = YES;
				CLANG_WARN_STRICT_PROTOTYPES = YES;
				CLANG_WARN_SUSPICIOUS_MOVE = YES;
				CLANG_WARN_UNGUARDED_AVAILABILITY = YES_AGGRESSIVE;
				CLANG_WARN_UNREACHABLE_CODE = YES;
				CLANG_WARN__DUPLICATE_METHOD_MATCH = YES;
				COPY_PHASE_STRIP = NO;
				DEBUG_INFORMATION_FORMAT = dwarf;
				ENABLE_STRICT_OBJC_MSGSEND = YES;
				ENABLE_TESTABILITY = YES;
				ENABLE_USER_SCRIPT_SANDBOXING = YES;
				GCC_C_LANGUAGE_STANDARD = gnu17;
				GCC_DYNAMIC_NO_PIC = NO;
				GCC_NO_COMMON_BLOCKS = YES;
				GCC_OPTIMIZATION_LEVEL = 0;
				GCC_PREPROCESSOR_DEFINITIONS = (
					"DEBUG=1",
					"$(inherited)",
				);
				GCC_WARN_64_TO_32_BIT_CONVERSION = YES;
				GCC_WARN_ABOUT_RETURN_TYPE = YES_ERROR;
				GCC_WARN_UNDECLARED_SELECTOR = YES;
				GCC_WARN_UNINITIALIZED_AUTOS = YES_AGGRESSIVE;
				GCC_WARN_UNUSED_FUNCTION = YES;
				GCC_WARN_UNUSED_VARIABLE = YES;
				IPHONEOS_DEPLOYMENT_TARGET = 18.2;
				LOCALIZATION_PREFERS_STRING_CATALOGS = YES;
				MTL_ENABLE_DEBUG_INFO = INCLUDE_SOURCE;
				MTL_FAST_MATH = YES;
				ONLY_ACTIVE_ARCH = YES;
				SDKROOT = iphoneos;
				SWIFT_ACTIVE_COMPILATION_CONDITIONS = "DEBUG $(inherited)";
				SWIFT_OPTIMIZATION_LEVEL = "-Onone";
			};
			name = Debug;
		};
		928B1FAC2E0150FD008E27BA /* Release */ = {
			isa = XCBuildConfiguration;
			buildSettings = {
				ALWAYS_SEARCH_USER_PATHS = NO;
				ASSETCATALOG_COMPILER_GENERATE_SWIFT_ASSET_SYMBOL_EXTENSIONS = YES;
				CLANG_ANALYZER_NONNULL = YES;
				CLANG_ANALYZER_NUMBER_OBJECT_CONVERSION = YES_AGGRESSIVE;
				CLANG_CXX_LANGUAGE_STANDARD = "gnu++20";
				CLANG_ENABLE_MODULES = YES;
				CLANG_ENABLE_OBJC_ARC = YES;
				CLANG_ENABLE_OBJC_WEAK = YES;
				CLANG_WARN_BLOCK_CAPTURE_AUTORELEASING = YES;
				CLANG_WARN_BOOL_CONVERSION = YES;
				CLANG_WARN_COMMA = YES;
				CLANG_WARN_CONSTANT_CONVERSION = YES;
				CLANG_WARN_DEPRECATED_OBJC_IMPLEMENTATIONS = YES;
				CLANG_WARN_DIRECT_OBJC_ISA_USAGE = YES_ERROR;
				CLANG_WARN_DOCUMENTATION_COMMENTS = YES;
				CLANG_WARN_EMPTY_BODY = YES;
				CLANG_WARN_ENUM_CONVERSION = YES;
				CLANG_WARN_INFINITE_RECURSION = YES;
				CLANG_WARN_INT_CONVERSION = YES;
				CLANG_WARN_NON_LITERAL_NULL_CONVERSION = YES;
				CLANG_WARN_OBJC_IMPLICIT_RETAIN_SELF = YES;
				CLANG_WARN_OBJC_LITERAL_CONVERSION = YES;
				CLANG_WARN_OBJC_ROOT_CLASS = YES_ERROR;
				CLANG_WARN_QUOTED_INCLUDE_IN_FRAMEWORK_HEADER = YES;
				CLANG_WARN_RANGE_LOOP_ANALYSIS = YES;
				CLANG_WARN_STRICT_PROTOTYPES = YES;
				CLANG_WARN_SUSPICIOUS_MOVE = YES;
				CLANG_WARN_UNGUARDED_AVAILABILITY = YES_AGGRESSIVE;
				CLANG_WARN_UNREACHABLE_CODE = YES;
				CLANG_WARN__DUPLICATE_METHOD_MATCH = YES;
				COPY_PHASE_STRIP = NO;
				DEBUG_INFORMATION_FORMAT = "dwarf-with-dsym";
				ENABLE_NS_ASSERTIONS = NO;
				ENABLE_STRICT_OBJC_MSGSEND = YES;
				ENABLE_USER_SCRIPT_SANDBOXING = YES;
				GCC_C_LANGUAGE_STANDARD = gnu17;
				GCC_NO_COMMON_BLOCKS = YES;
				GCC_WARN_64_TO_32_BIT_CONVERSION = YES;
				GCC_WARN_ABOUT_RETURN_TYPE = YES_ERROR;
				GCC_WARN_UNDECLARED_SELECTOR = YES;
				GCC_WARN_UNINITIALIZED_AUTOS = YES_AGGRESSIVE;
				GCC_WARN_UNUSED_FUNCTION = YES;
				GCC_WARN_UNUSED_VARIABLE = YES;
				IPHONEOS_DEPLOYMENT_TARGET = 18.2;
				LOCALIZATION_PREFERS_STRING_CATALOGS = YES;
				MTL_ENABLE_DEBUG_INFO = NO;
				MTL_FAST_MATH = YES;
				SDKROOT = iphoneos;
				SWIFT_COMPILATION_MODE = wholemodule;
				VALIDATE_PRODUCT = YES;
			};
			name = Release;
		};
		928B1FAE2E0150FD008E27BA /* Debug */ = {
			isa = XCBuildConfiguration;
			buildSettings = {
				ASSETCATALOG_COMPILER_APPICON_NAME = AppIcon;
				ASSETCATALOG_COMPILER_GLOBAL_ACCENT_COLOR_NAME = AccentColor;
				CODE_SIGN_STYLE = Automatic;
				CURRENT_PROJECT_VERSION = 1;
				DEVELOPMENT_ASSET_PATHS = "\"SakeSpot/Preview Content\"";
				DEVELOPMENT_TEAM = 8Q8PK53YFD;
				ENABLE_PREVIEWS = YES;
				GENERATE_INFOPLIST_FILE = YES;
				INFOPLIST_FILE = SakeSpot/Info.plist;
				INFOPLIST_KEY_CFBundleDisplayName = SakeSpot;
				INFOPLIST_KEY_LSApplicationCategoryType = "public.app-category.business";
				INFOPLIST_KEY_NSLocationUsageDescription = "App Wants to usage your location";
				INFOPLIST_KEY_UIApplicationSceneManifest_Generation = YES;
				INFOPLIST_KEY_UIApplicationSupportsIndirectInputEvents = YES;
				INFOPLIST_KEY_UILaunchScreen_Generation = YES;
				INFOPLIST_KEY_UISupportedInterfaceOrientations = UIInterfaceOrientationPortrait;
				IPHONEOS_DEPLOYMENT_TARGET = 16.6;
				LD_RUNPATH_SEARCH_PATHS = (
					"$(inherited)",
					"@executable_path/Frameworks",
				);
				MARKETING_VERSION = 1.0;
				PRODUCT_BUNDLE_IDENTIFIER = com.reetD.GitSpy.SakeSpot;
				PRODUCT_NAME = "$(TARGET_NAME)";
				SWIFT_EMIT_LOC_STRINGS = YES;
				SWIFT_VERSION = 5.0;
				TARGETED_DEVICE_FAMILY = "1,2";
			};
			name = Debug;
		};
		928B1FAF2E0150FD008E27BA /* Release */ = {
			isa = XCBuildConfiguration;
			buildSettings = {
				ASSETCATALOG_COMPILER_APPICON_NAME = AppIcon;
				ASSETCATALOG_COMPILER_GLOBAL_ACCENT_COLOR_NAME = AccentColor;
				CODE_SIGN_STYLE = Automatic;
				CURRENT_PROJECT_VERSION = 1;
				DEVELOPMENT_ASSET_PATHS = "\"SakeSpot/Preview Content\"";
				DEVELOPMENT_TEAM = 8Q8PK53YFD;
				ENABLE_PREVIEWS = YES;
				GENERATE_INFOPLIST_FILE = YES;
				INFOPLIST_FILE = SakeSpot/Info.plist;
				INFOPLIST_KEY_CFBundleDisplayName = SakeSpot;
				INFOPLIST_KEY_LSApplicationCategoryType = "public.app-category.business";
				INFOPLIST_KEY_NSLocationUsageDescription = "App Wants to usage your location";
				INFOPLIST_KEY_UIApplicationSceneManifest_Generation = YES;
				INFOPLIST_KEY_UIApplicationSupportsIndirectInputEvents = YES;
				INFOPLIST_KEY_UILaunchScreen_Generation = YES;
				INFOPLIST_KEY_UISupportedInterfaceOrientations = UIInterfaceOrientationPortrait;
				IPHONEOS_DEPLOYMENT_TARGET = 16.6;
				LD_RUNPATH_SEARCH_PATHS = (
					"$(inherited)",
					"@executable_path/Frameworks",
				);
				MARKETING_VERSION = 1.0;
				PRODUCT_BUNDLE_IDENTIFIER = com.reetD.GitSpy.SakeSpot;
				PRODUCT_NAME = "$(TARGET_NAME)";
				SWIFT_EMIT_LOC_STRINGS = YES;
				SWIFT_VERSION = 5.0;
				TARGETED_DEVICE_FAMILY = "1,2";
			};
			name = Release;
		};
		928B1FB12E0150FD008E27BA /* Debug */ = {
			isa = XCBuildConfiguration;
			buildSettings = {
				BUNDLE_LOADER = "$(TEST_HOST)";
				CODE_SIGN_STYLE = Automatic;
				CURRENT_PROJECT_VERSION = 1;
				DEVELOPMENT_TEAM = 8Q8PK53YFD;
				GENERATE_INFOPLIST_FILE = YES;
				IPHONEOS_DEPLOYMENT_TARGET = 18.2;
				MARKETING_VERSION = 1.0;
				PRODUCT_BUNDLE_IDENTIFIER = com.reetD.GitSpy.SakeSpotTests;
				PRODUCT_NAME = "$(TARGET_NAME)";
				SWIFT_EMIT_LOC_STRINGS = NO;
				SWIFT_VERSION = 5.0;
				TARGETED_DEVICE_FAMILY = "1,2";
				TEST_HOST = "$(BUILT_PRODUCTS_DIR)/SakeSpot.app/$(BUNDLE_EXECUTABLE_FOLDER_PATH)/SakeSpot";
			};
			name = Debug;
		};
		928B1FB22E0150FD008E27BA /* Release */ = {
			isa = XCBuildConfiguration;
			buildSettings = {
				BUNDLE_LOADER = "$(TEST_HOST)";
				CODE_SIGN_STYLE = Automatic;
				CURRENT_PROJECT_VERSION = 1;
				DEVELOPMENT_TEAM = 8Q8PK53YFD;
				GENERATE_INFOPLIST_FILE = YES;
				IPHONEOS_DEPLOYMENT_TARGET = 18.2;
				MARKETING_VERSION = 1.0;
				PRODUCT_BUNDLE_IDENTIFIER = com.reetD.GitSpy.SakeSpotTests;
				PRODUCT_NAME = "$(TARGET_NAME)";
				SWIFT_EMIT_LOC_STRINGS = NO;
				SWIFT_VERSION = 5.0;
				TARGETED_DEVICE_FAMILY = "1,2";
				TEST_HOST = "$(BUILT_PRODUCTS_DIR)/SakeSpot.app/$(BUNDLE_EXECUTABLE_FOLDER_PATH)/SakeSpot";
			};
			name = Release;
		};
		928B1FB42E0150FD008E27BA /* Debug */ = {
			isa = XCBuildConfiguration;
			buildSettings = {
				CODE_SIGN_STYLE = Automatic;
				CURRENT_PROJECT_VERSION = 1;
				DEVELOPMENT_TEAM = 8Q8PK53YFD;
				GENERATE_INFOPLIST_FILE = YES;
				MARKETING_VERSION = 1.0;
				PRODUCT_BUNDLE_IDENTIFIER = com.reetD.GitSpy.SakeSpotUITests;
				PRODUCT_NAME = "$(TARGET_NAME)";
				SWIFT_EMIT_LOC_STRINGS = NO;
				SWIFT_VERSION = 5.0;
				TARGETED_DEVICE_FAMILY = "1,2";
				TEST_TARGET_NAME = SakeSpot;
			};
			name = Debug;
		};
		928B1FB52E0150FD008E27BA /* Release */ = {
			isa = XCBuildConfiguration;
			buildSettings = {
				CODE_SIGN_STYLE = Automatic;
				CURRENT_PROJECT_VERSION = 1;
				DEVELOPMENT_TEAM = 8Q8PK53YFD;
				GENERATE_INFOPLIST_FILE = YES;
				MARKETING_VERSION = 1.0;
				PRODUCT_BUNDLE_IDENTIFIER = com.reetD.GitSpy.SakeSpotUITests;
				PRODUCT_NAME = "$(TARGET_NAME)";
				SWIFT_EMIT_LOC_STRINGS = NO;
				SWIFT_VERSION = 5.0;
				TARGETED_DEVICE_FAMILY = "1,2";
				TEST_TARGET_NAME = SakeSpot;
			};
			name = Release;
		};
/* End XCBuildConfiguration section */

/* Begin XCConfigurationList section */
		928B1F842E0150F7008E27BA /* Build configuration list for PBXProject "SakeSpot" */ = {
			isa = XCConfigurationList;
			buildConfigurations = (
				928B1FAB2E0150FD008E27BA /* Debug */,
				928B1FAC2E0150FD008E27BA /* Release */,
			);
			defaultConfigurationIsVisible = 0;
			defaultConfigurationName = Release;
		};
		928B1FAD2E0150FD008E27BA /* Build configuration list for PBXNativeTarget "SakeSpot" */ = {
			isa = XCConfigurationList;
			buildConfigurations = (
				928B1FAE2E0150FD008E27BA /* Debug */,
				928B1FAF2E0150FD008E27BA /* Release */,
			);
			defaultConfigurationIsVisible = 0;
			defaultConfigurationName = Release;
		};
		928B1FB02E0150FD008E27BA /* Build configuration list for PBXNativeTarget "SakeSpotTests" */ = {
			isa = XCConfigurationList;
			buildConfigurations = (
				928B1FB12E0150FD008E27BA /* Debug */,
				928B1FB22E0150FD008E27BA /* Release */,
			);
			defaultConfigurationIsVisible = 0;
			defaultConfigurationName = Release;
		};
		928B1FB32E0150FD008E27BA /* Build configuration list for PBXNativeTarget "SakeSpotUITests" */ = {
			isa = XCConfigurationList;
			buildConfigurations = (
				928B1FB42E0150FD008E27BA /* Debug */,
				928B1FB52E0150FD008E27BA /* Release */,
			);
			defaultConfigurationIsVisible = 0;
			defaultConfigurationName = Release;
		};
/* End XCConfigurationList section */
	};
	rootObject = 928B1F812E0150F7008E27BA /* Project object */;
}
